
Microsoft Visual Studio Solution File, Format Version 12.00
# Visual Studio Version 17
VisualStudioVersion = 17.11.35222.181
MinimumVisualStudioVersion = 10.0.40219.1
Project("{FAE04EC0-301F-11D3-BF4B-00C04F79EFBC}") = "GitTest2026", "GitTest2026\GitTest2026.csproj", "{A1D5E965-2DAB-4FB4-978A-4C5A777AC170}"
EndProject
Global
	GlobalSection(SolutionConfigurationPlatforms) = preSolution
		Debug|Any CPU = Debug|Any CPU
		Release|Any CPU = Release|Any CPU
	EndGlobalSection
	GlobalSection(ProjectConfigurationPlatforms) = postSolution
		{A1D5E965-2DAB-4FB4-978A-4C5A777AC170}.Debug|Any CPU.ActiveCfg = Debug|Any CPU
		{A1D5E965-2DAB-4FB4-978A-4C5A777AC170}.Debug|Any CPU.Build.0 = Debug|Any CPU
		{A1D5E965-2DAB-4FB4-978A-4C5A777AC170}.Release|Any CPU.ActiveCfg = Release|Any CPU
		{A1D5E965-2DAB-4FB4-978A-4C5A777AC170}.Release|Any CPU.Build.0 = Release|Any CPU
	EndGlobalSection
	GlobalSection(SolutionProperties) = preSolution
		HideSolutionNode = FALSE
	EndGlobalSection
	GlobalSection(ExtensibilityGlobals) = postSolution
		SolutionGuid = {5404DC9E-81C5-4CE6-A4FA-0C5DE3363C54}
	EndGlobalSection
EndGlobal
